
Microsoft Visual Studio Solution File, Format Version 10.00
# Visual Studio 2008
Project("{FAE04EC0-301F-11D3-BF4B-00C04F79EFBC}") = "QuickFix", "QuickFIX.NET\QuickFix.csproj", "{D67079DA-6C49-48B2-93AB-1C3E879F5A0B}"
EndProject
Project("{FAE04EC0-301F-11D3-BF4B-00C04F79EFBC}") = "UnitTests", "UnitTests\UnitTests.csproj", "{186A72D8-5A70-4DD0-BABF-E3BB3BA9F419}"
	ProjectSection(ProjectDependencies) = postProject
		{D67079DA-6C49-48B2-93AB-1C3E879F5A0B} = {D67079DA-6C49-48B2-93AB-1C3E879F5A0B}
	EndProjectSection
EndProject
Project("{FAE04EC0-301F-11D3-BF4B-00C04F79EFBC}") = "PerformanceTests", "PerformanceTests\PerformanceTests.csproj", "{678D7A0A-D07E-4D4C-9166-E6863BF2E8FC}"
EndProject
Project("{FAE04EC0-301F-11D3-BF4B-00C04F79EFBC}") = "AcceptanceTest", "AcceptanceTest\AcceptanceTest.csproj", "{B02EAF78-6335-4996-BB98-3121A4B6B0B2}"
EndProject
Project("{FAE04EC0-301F-11D3-BF4B-00C04F79EFBC}") = "Executor", "Examples\Executor\Executor.csproj", "{6CF22B5A-C50F-4328-9279-E07D308FCC12}"
EndProject
Global
	GlobalSection(SolutionConfigurationPlatforms) = preSolution
		Debug|Any CPU = Debug|Any CPU
		Release|Any CPU = Release|Any CPU
	EndGlobalSection
	GlobalSection(ProjectConfigurationPlatforms) = postSolution
		{D67079DA-6C49-48B2-93AB-1C3E879F5A0B}.Debug|Any CPU.ActiveCfg = Debug|Any CPU
		{D67079DA-6C49-48B2-93AB-1C3E879F5A0B}.Debug|Any CPU.Build.0 = Debug|Any CPU
		{D67079DA-6C49-48B2-93AB-1C3E879F5A0B}.Release|Any CPU.ActiveCfg = Release|Any CPU
		{D67079DA-6C49-48B2-93AB-1C3E879F5A0B}.Release|Any CPU.Build.0 = Release|Any CPU
		{186A72D8-5A70-4DD0-BABF-E3BB3BA9F419}.Debug|Any CPU.ActiveCfg = Debug|Any CPU
		{186A72D8-5A70-4DD0-BABF-E3BB3BA9F419}.Debug|Any CPU.Build.0 = Debug|Any CPU
		{186A72D8-5A70-4DD0-BABF-E3BB3BA9F419}.Release|Any CPU.ActiveCfg = Release|Any CPU
		{186A72D8-5A70-4DD0-BABF-E3BB3BA9F419}.Release|Any CPU.Build.0 = Release|Any CPU
		{678D7A0A-D07E-4D4C-9166-E6863BF2E8FC}.Debug|Any CPU.ActiveCfg = Debug|Any CPU
		{678D7A0A-D07E-4D4C-9166-E6863BF2E8FC}.Debug|Any CPU.Build.0 = Debug|Any CPU
		{678D7A0A-D07E-4D4C-9166-E6863BF2E8FC}.Release|Any CPU.ActiveCfg = Release|Any CPU
		{678D7A0A-D07E-4D4C-9166-E6863BF2E8FC}.Release|Any CPU.Build.0 = Release|Any CPU
		{B02EAF78-6335-4996-BB98-3121A4B6B0B2}.Debug|Any CPU.ActiveCfg = Debug|Any CPU
		{B02EAF78-6335-4996-BB98-3121A4B6B0B2}.Debug|Any CPU.Build.0 = Debug|Any CPU
		{B02EAF78-6335-4996-BB98-3121A4B6B0B2}.Release|Any CPU.ActiveCfg = Release|Any CPU
		{B02EAF78-6335-4996-BB98-3121A4B6B0B2}.Release|Any CPU.Build.0 = Release|Any CPU
		{6CF22B5A-C50F-4328-9279-E07D308FCC12}.Debug|Any CPU.ActiveCfg = Debug|Any CPU
		{6CF22B5A-C50F-4328-9279-E07D308FCC12}.Debug|Any CPU.Build.0 = Debug|Any CPU
		{6CF22B5A-C50F-4328-9279-E07D308FCC12}.Release|Any CPU.ActiveCfg = Release|Any CPU
		{6CF22B5A-C50F-4328-9279-E07D308FCC12}.Release|Any CPU.Build.0 = Release|Any CPU
	EndGlobalSection
	GlobalSection(SolutionProperties) = preSolution
		HideSolutionNode = FALSE
	EndGlobalSection
EndGlobal
