
Microsoft Visual Studio Solution File, Format Version 12.00
Project("{FAE04EC0-301F-11D3-BF4B-00C04F79EFBC}") = "ConsoleApp1", "ConsoleApp1\ConsoleApp1.csproj", "{FA4D69F5-13B6-4307-A2A2-63C0A2923561}"
EndProject
Global
	GlobalSection(SolutionConfigurationPlatforms) = preSolution
		Debug|Any CPU = Debug|Any CPU
		Release|Any CPU = Release|Any CPU
	EndGlobalSection
	GlobalSection(ProjectConfigurationPlatforms) = postSolution
		{FA4D69F5-13B6-4307-A2A2-63C0A2923561}.Debug|Any CPU.ActiveCfg = Debug|Any CPU
		{FA4D69F5-13B6-4307-A2A2-63C0A2923561}.Debug|Any CPU.Build.0 = Debug|Any CPU
		{FA4D69F5-13B6-4307-A2A2-63C0A2923561}.Release|Any CPU.ActiveCfg = Release|Any CPU
		{FA4D69F5-13B6-4307-A2A2-63C0A2923561}.Release|Any CPU.Build.0 = Release|Any CPU
	EndGlobalSection
EndGlobal
